
Microsoft Visual Studio Solution File, Format Version 12.00
# Visual Studio Version 17
VisualStudioVersion = 17.8.34511.84
MinimumVisualStudioVersion = 10.0.40219.1
Project("{FAE04EC0-301F-11D3-BF4B-00C04F79EFBC}") = "ConsoleApp29", "ConsoleApp29\ConsoleApp29.csproj", "{643B4A87-CF01-4C22-874D-55A1174183D5}"
EndProject
Global
	GlobalSection(SolutionConfigurationPlatforms) = preSolution
		Debug|Any CPU = Debug|Any CPU
		Release|Any CPU = Release|Any CPU
	EndGlobalSection
	GlobalSection(ProjectConfigurationPlatforms) = postSolution
		{643B4A87-CF01-4C22-874D-55A1174183D5}.Debug|Any CPU.ActiveCfg = Debug|Any CPU
		{643B4A87-CF01-4C22-874D-55A1174183D5}.Debug|Any CPU.Build.0 = Debug|Any CPU
		{643B4A87-CF01-4C22-874D-55A1174183D5}.Release|Any CPU.ActiveCfg = Release|Any CPU
		{643B4A87-CF01-4C22-874D-55A1174183D5}.Release|Any CPU.Build.0 = Release|Any CPU
	EndGlobalSection
	GlobalSection(SolutionProperties) = preSolution
		HideSolutionNode = FALSE
	EndGlobalSection
	GlobalSection(ExtensibilityGlobals) = postSolution
		SolutionGuid = {B7FD4BBA-A9DE-4068-A9DF-9D5857135235}
	EndGlobalSection
EndGlobal
